// !$*UTF8*$!
{
	archiveVersion = 1;
	classes = {
	};
	objectVersion = 46;
	objects = {

/* Begin PBXBuildFile section */
		DAFC52131CDC7C5A00D2DC80 /* BLSmartAnchorLayout.m in Sources */ = {isa = PBXBuildFile; fileRef = DAFC52091CDC7C5A00D2DC80 /* BLSmartAnchorLayout.m */; };
		DAFC52141CDC7C5A00D2DC80 /* BLSmartHBoxLayout.m in Sources */ = {isa = PBXBuildFile; fileRef = DAFC520B1CDC7C5A00D2DC80 /* BLSmartHBoxLayout.m */; };
		DAFC52151CDC7C5A00D2DC80 /* BLSmartLayout.m in Sources */ = {isa = PBXBuildFile; fileRef = DAFC520D1CDC7C5A00D2DC80 /* BLSmartLayout.m */; };
		DAFC52161CDC7C5A00D2DC80 /* BLSmartVBoxLayout.m in Sources */ = {isa = PBXBuildFile; fileRef = DAFC52101CDC7C5A00D2DC80 /* BLSmartVBoxLayout.m */; };
		DAFC52171CDC7C5A00D2DC80 /* UIView+BLSmartLayoutEngine.m in Sources */ = {isa = PBXBuildFile; fileRef = DAFC52121CDC7C5A00D2DC80 /* UIView+BLSmartLayoutEngine.m */; };
/* End PBXBuildFile section */

/* Begin PBXCopyFilesBuildPhase section */
		DAFC51FA1CDC7C0D00D2DC80 /* CopyFiles */ = {
			isa = PBXCopyFilesBuildPhase;
			buildActionMask = 2147483647;
			dstPath = "include/$(PRODUCT_NAME)";
			dstSubfolderSpec = 16;
			files = (
			);
			runOnlyForDeploymentPostprocessing = 0;
		};
/* End PBXCopyFilesBuildPhase section */

/* Begin PBXFileReference section */
		DAFC51FC1CDC7C0D00D2DC80 /* libBLSmartLayoutEngine.a */ = {isa = PBXFileReference; explicitFileType = archive.ar; includeInIndex = 0; path = libBLSmartLayoutEngine.a; sourceTree = BUILT_PRODUCTS_DIR; };
		DAFC52081CDC7C5A00D2DC80 /* BLSmartAnchorLayout.h */ = {isa = PBXFileReference; fileEncoding = 4; lastKnownFileType = sourcecode.c.h; path = BLSmartAnchorLayout.h; sourceTree = "<group>"; };
		DAFC52091CDC7C5A00D2DC80 /* BLSmartAnchorLayout.m */ = {isa = PBXFileReference; fileEncoding = 4; lastKnownFileType = sourcecode.c.objc; path = BLSmartAnchorLayout.m; sourceTree = "<group>"; };
		DAFC520A1CDC7C5A00D2DC80 /* BLSmartHBoxLayout.h */ = {isa = PBXFileReference; fileEncoding = 4; lastKnownFileType = sourcecode.c.h; path = BLSmartHBoxLayout.h; sourceTree = "<group>"; };
		DAFC520B1CDC7C5A00D2DC80 /* BLSmartHBoxLayout.m */ = {isa = PBXFileReference; fileEncoding = 4; lastKnownFileType = sourcecode.c.objc; path = BLSmartHBoxLayout.m; sourceTree = "<group>"; };
		DAFC520C1CDC7C5A00D2DC80 /* BLSmartLayout.h */ = {isa = PBXFileReference; fileEncoding = 4; lastKnownFileType = sourcecode.c.h; path = BLSmartLayout.h; sourceTree = "<group>"; };
		DAFC520D1CDC7C5A00D2DC80 /* BLSmartLayout.m */ = {isa = PBXFileReference; fileEncoding = 4; lastKnownFileType = sourcecode.c.objc; path = BLSmartLayout.m; sourceTree = "<group>"; };
		DAFC520E1CDC7C5A00D2DC80 /* BLSmartLayoutEngine.h */ = {isa = PBXFileReference; fileEncoding = 4; lastKnownFileType = sourcecode.c.h; path = BLSmartLayoutEngine.h; sourceTree = "<group>"; };
		DAFC520F1CDC7C5A00D2DC80 /* BLSmartVBoxLayout.h */ = {isa = PBXFileReference; fileEncoding = 4; lastKnownFileType = sourcecode.c.h; path = BLSmartVBoxLayout.h; sourceTree = "<group>"; };
		DAFC52101CDC7C5A00D2DC80 /* BLSmartVBoxLayout.m */ = {isa = PBXFileReference; fileEncoding = 4; lastKnownFileType = sourcecode.c.objc; path = BLSmartVBoxLayout.m; sourceTree = "<group>"; };
		DAFC52111CDC7C5A00D2DC80 /* UIView+BLSmartLayoutEngine.h */ = {isa = PBXFileReference; fileEncoding = 4; lastKnownFileType = sourcecode.c.h; path = "UIView+BLSmartLayoutEngine.h"; sourceTree = "<group>"; };
		DAFC52121CDC7C5A00D2DC80 /* UIView+BLSmartLayoutEngine.m */ = {isa = PBXFileReference; fileEncoding = 4; lastKnownFileType = sourcecode.c.objc; path = "UIView+BLSmartLayoutEngine.m"; sourceTree = "<group>"; };
/* End PBXFileReference section */

/* Begin PBXFrameworksBuildPhase section */
		DAFC51F91CDC7C0D00D2DC80 /* Frameworks */ = {
			isa = PBXFrameworksBuildPhase;
			buildActionMask = 2147483647;
			files = (
			);
			runOnlyForDeploymentPostprocessing = 0;
		};
/* End PBXFrameworksBuildPhase section */

/* Begin PBXGroup section */
		DAFC51F31CDC7C0D00D2DC80 = {
			isa = PBXGroup;
			children = (
				DAFC51FE1CDC7C0D00D2DC80 /* BLSmartLayoutEngine */,
				DAFC51FD1CDC7C0D00D2DC80 /* Products */,
			);
			sourceTree = "<group>";
		};
		DAFC51FD1CDC7C0D00D2DC80 /* Products */ = {
			isa = PBXGroup;
			children = (
				DAFC51FC1CDC7C0D00D2DC80 /* libBLSmartLayoutEngine.a */,
			);
			name = Products;
			sourceTree = "<group>";
		};
		DAFC51FE1CDC7C0D00D2DC80 /* BLSmartLayoutEngine */ = {
			isa = PBXGroup;
			children = (
				DAFC52081CDC7C5A00D2DC80 /* BLSmartAnchorLayout.h */,
				DAFC52091CDC7C5A00D2DC80 /* BLSmartAnchorLayout.m */,
				DAFC520A1CDC7C5A00D2DC80 /* BLSmartHBoxLayout.h */,
				DAFC520B1CDC7C5A00D2DC80 /* BLSmartHBoxLayout.m */,
				DAFC520C1CDC7C5A00D2DC80 /* BLSmartLayout.h */,
				DAFC520D1CDC7C5A00D2DC80 /* BLSmartLayout.m */,
				DAFC520E1CDC7C5A00D2DC80 /* BLSmartLayoutEngine.h */,
				DAFC520F1CDC7C5A00D2DC80 /* BLSmartVBoxLayout.h */,
				DAFC52101CDC7C5A00D2DC80 /* BLSmartVBoxLayout.m */,
				DAFC52111CDC7C5A00D2DC80 /* UIView+BLSmartLayoutEngine.h */,
				DAFC52121CDC7C5A00D2DC80 /* UIView+BLSmartLayoutEngine.m */,
			);
			path = BLSmartLayoutEngine;
			sourceTree = "<group>";
		};
/* End PBXGroup section */

/* Begin PBXNativeTarget section */
		DAFC51FB1CDC7C0D00D2DC80 /* BLSmartLayoutEngine */ = {
			isa = PBXNativeTarget;
			buildConfigurationList = DAFC52051CDC7C0D00D2DC80 /* Build configuration list for PBXNativeTarget "BLSmartLayoutEngine" */;
			buildPhases = (
				DAFC51F81CDC7C0D00D2DC80 /* Sources */,
				DAFC51F91CDC7C0D00D2DC80 /* Frameworks */,
				DAFC51FA1CDC7C0D00D2DC80 /* CopyFiles */,
			);
			buildRules = (
			);
			dependencies = (
			);
			name = BLSmartLayoutEngine;
			productName = BLSmartLayoutEngine;
			productReference = DAFC51FC1CDC7C0D00D2DC80 /* libBLSmartLayoutEngine.a */;
			productType = "com.apple.product-type.library.static";
		};
/* End PBXNativeTarget section */

/* Begin PBXProject section */
		DAFC51F41CDC7C0D00D2DC80 /* Project object */ = {
			isa = PBXProject;
			attributes = {
				LastUpgradeCheck = 0720;
				ORGANIZATIONNAME = arlin;
				TargetAttributes = {
					DAFC51FB1CDC7C0D00D2DC80 = {
						CreatedOnToolsVersion = 7.2;
					};
				};
			};
			buildConfigurationList = DAFC51F71CDC7C0D00D2DC80 /* Build configuration list for PBXProject "BLSmartLayoutEngine" */;
			compatibilityVersion = "Xcode 3.2";
			developmentRegion = English;
			hasScannedForEncodings = 0;
			knownRegions = (
				en,
			);
			mainGroup = DAFC51F31CDC7C0D00D2DC80;
			productRefGroup = DAFC51FD1CDC7C0D00D2DC80 /* Products */;
			projectDirPath = "";
			projectRoot = "";
			targets = (
				DAFC51FB1CDC7C0D00D2DC80 /* BLSmartLayoutEngine */,
			);
		};
/* End PBXProject section */

/* Begin PBXSourcesBuildPhase section */
		DAFC51F81CDC7C0D00D2DC80 /* Sources */ = {
			isa = PBXSourcesBuildPhase;
			buildActionMask = 2147483647;
			files = (
				DAFC52161CDC7C5A00D2DC80 /* BLSmartVBoxLayout.m in Sources */,
				DAFC52141CDC7C5A00D2DC80 /* BLSmartHBoxLayout.m in Sources */,
				DAFC52151CDC7C5A00D2DC80 /* BLSmartLayout.m in Sources */,
				DAFC52131CDC7C5A00D2DC80 /* BLSmartAnchorLayout.m in Sources */,
				DAFC52171CDC7C5A00D2DC80 /* UIView+BLSmartLayoutEngine.m in Sources */,
			);
			runOnlyForDeploymentPostprocessing = 0;
		};
/* End PBXSourcesBuildPhase section */

/* Begin XCBuildConfiguration section */
		DAFC52031CDC7C0D00D2DC80 /* Debug */ = {
			isa = XCBuildConfiguration;
			buildSettings = {
				ALWAYS_SEARCH_USER_PATHS = NO;
				CLANG_CXX_LANGUAGE_STANDARD = "gnu++0x";
				CLANG_CXX_LIBRARY = "libc++";
				CLANG_ENABLE_MODULES = YES;
				CLANG_ENABLE_OBJC_ARC = YES;
				CLANG_WARN_BOOL_CONVERSION = YES;
				CLANG_WARN_CONSTANT_CONVERSION = YES;
				CLANG_WARN_DIRECT_OBJC_ISA_USAGE = YES_ERROR;
				CLANG_WARN_EMPTY_BODY = YES;
				CLANG_WARN_ENUM_CONVERSION = YES;
				CLANG_WARN_INT_CONVERSION = YES;
				CLANG_WARN_OBJC_ROOT_CLASS = YES_ERROR;
				CLANG_WARN_UNREACHABLE_CODE = YES;
				CLANG_WARN__DUPLICATE_METHOD_MATCH = YES;
				"CODE_SIGN_IDENTITY[sdk=iphoneos*]" = "iPhone Developer";
				COPY_PHASE_STRIP = NO;
				DEBUG_INFORMATION_FORMAT = dwarf;
				ENABLE_STRICT_OBJC_MSGSEND = YES;
				ENABLE_TESTABILITY = YES;
				GCC_C_LANGUAGE_STANDARD = gnu99;
				GCC_DYNAMIC_NO_PIC = NO;
				GCC_NO_COMMON_BLOCKS = YES;
				GCC_OPTIMIZATION_LEVEL = 0;
				GCC_PREPROCESSOR_DEFINITIONS = (
					"DEBUG=1",
					"$(inherited)",
				);
				GCC_WARN_64_TO_32_BIT_CONVERSION = YES;
				GCC_WARN_ABOUT_RETURN_TYPE = YES_ERROR;
				GCC_WARN_UNDECLARED_SELECTOR = YES;
				GCC_WARN_UNINITIALIZED_AUTOS = YES_AGGRESSIVE;
				GCC_WARN_UNUSED_FUNCTION = YES;
				GCC_WARN_UNUSED_VARIABLE = YES;
				IPHONEOS_DEPLOYMENT_TARGET = 7.0;
				MTL_ENABLE_DEBUG_INFO = YES;
				ONLY_ACTIVE_ARCH = YES;
				SDKROOT = iphoneos;
			};
			name = Debug;
		};
		DAFC52041CDC7C0D00D2DC80 /* Release */ = {
			isa = XCBuildConfiguration;
			buildSettings = {
				ALWAYS_SEARCH_USER_PATHS = NO;
				CLANG_CXX_LANGUAGE_STANDARD = "gnu++0x";
				CLANG_CXX_LIBRARY = "libc++";
				CLANG_ENABLE_MODULES = YES;
				CLANG_ENABLE_OBJC_ARC = YES;
				CLANG_WARN_BOOL_CONVERSION = YES;
				CLANG_WARN_CONSTANT_CONVERSION = YES;
				CLANG_WARN_DIRECT_OBJC_ISA_USAGE = YES_ERROR;
				CLANG_WARN_EMPTY_BODY = YES;
				CLANG_WARN_ENUM_CONVERSION = YES;
				CLANG_WARN_INT_CONVERSION = YES;
				CLANG_WARN_OBJC_ROOT_CLASS = YES_ERROR;
				CLANG_WARN_UNREACHABLE_CODE = YES;
				CLANG_WARN__DUPLICATE_METHOD_MATCH = YES;
				"CODE_SIGN_IDENTITY[sdk=iphoneos*]" = "iPhone Developer";
				COPY_PHASE_STRIP = NO;
				DEBUG_INFORMATION_FORMAT = "dwarf-with-dsym";
				ENABLE_NS_ASSERTIONS = NO;
				ENABLE_STRICT_OBJC_MSGSEND = YES;
				GCC_C_LANGUAGE_STANDARD = gnu99;
				GCC_NO_COMMON_BLOCKS = YES;
				GCC_WARN_64_TO_32_BIT_CONVERSION = YES;
				GCC_WARN_ABOUT_RETURN_TYPE = YES_ERROR;
				GCC_WARN_UNDECLARED_SELECTOR = YES;
				GCC_WARN_UNINITIALIZED_AUTOS = YES_AGGRESSIVE;
				GCC_WARN_UNUSED_FUNCTION = YES;
				GCC_WARN_UNUSED_VARIABLE = YES;
				IPHONEOS_DEPLOYMENT_TARGET = 7.0;
				MTL_ENABLE_DEBUG_INFO = NO;
				SDKROOT = iphoneos;
				VALIDATE_PRODUCT = YES;
			};
			name = Release;
		};
		DAFC52061CDC7C0D00D2DC80 /* Debug */ = {
			isa = XCBuildConfiguration;
			buildSettings = {
				CLANG_ENABLE_OBJC_ARC = NO;
				OTHER_LDFLAGS = "-ObjC";
				PRODUCT_NAME = "$(TARGET_NAME)";
				SKIP_INSTALL = YES;
			};
			name = Debug;
		};
		DAFC52071CDC7C0D00D2DC80 /* Release */ = {
			isa = XCBuildConfiguration;
			buildSettings = {
				CLANG_ENABLE_OBJC_ARC = NO;
				OTHER_LDFLAGS = "-ObjC";
				PRODUCT_NAME = "$(TARGET_NAME)";
				SKIP_INSTALL = YES;
			};
			name = Release;
		};
/* End XCBuildConfiguration section */

/* Begin XCConfigurationList section */
		DAFC51F71CDC7C0D00D2DC80 /* Build configuration list for PBXProject "BLSmartLayoutEngine" */ = {
			isa = XCConfigurationList;
			buildConfigurations = (
				DAFC52031CDC7C0D00D2DC80 /* Debug */,
				DAFC52041CDC7C0D00D2DC80 /* Release */,
			);
			defaultConfigurationIsVisible = 0;
			defaultConfigurationName = Release;
		};
		DAFC52051CDC7C0D00D2DC80 /* Build configuration list for PBXNativeTarget "BLSmartLayoutEngine" */ = {
			isa = XCConfigurationList;
			buildConfigurations = (
				DAFC52061CDC7C0D00D2DC80 /* Debug */,
				DAFC52071CDC7C0D00D2DC80 /* Release */,
			);
			defaultConfigurationIsVisible = 0;
			defaultConfigurationName = Release;
		};
/* End XCConfigurationList section */
	};
	rootObject = DAFC51F41CDC7C0D00D2DC80 /* Project object */;
}
